##
## For testing download_asyncio.py
##


# This lock file was generated by conda-lock (https://github.com/conda-incubator/conda-lock). DO NOT EDIT!
#
# A "lock file" contains a concrete list of package versions (with checksums) to be installed. Unlike
# e.g. `conda env create`, the resulting environment will not change as new package versions become
# available, unless you explicitly update the lock file.
#
# Install this environment as "YOURENV" with:
#     conda-lock install -n YOURENV --file conda-lock.yml
# To update a single package to the latest version compatible with the version constraints in the source:
#     conda-lock lock --lockfile conda-lock.yml --update PACKAGE
# To re-solve the entire environment, e.g. after changing a version constraint in the source file:
#     conda-lock -f /Users/dholth/prog/conda/environment.yml --lockfile conda-lock.yml
metadata:
  channels:
  - url: defaults
    used_env_vars: []
  content_hash:
    osx-64: 54b5a8a2956791e356596e6cb6f90d424056edda424bae4a1e1c02ea84e1f4af
  platforms:
  - osx-64
  sources:
  - /Users/dholth/prog/conda/environment.yml
package:
- category: main
  dependencies: {}
  hash:
    md5: 8b27c47bc20034bdb0cb7dff1e02dd98
    sha256: 881eadfa342f0fb9303e17b453663b9da02d43a4805004a62ff1b52e130cb220
  manager: conda
  name: ca-certificates
  optional: false
  platform: osx-64
  url: https://repo.anaconda.com/pkgs/main/osx-64/ca-certificates-2022.07.19-hecd8cb5_0.conda
  version: 2022.07.19
- category: main
  dependencies: {}
  hash:
    md5: fa697ecaca74bdf72bd0a10e42a2287a
    sha256: be3ad99669577b0ebb536b1681728643c66230c8f221459882b98faf17d83b08
  manager: conda
  name: libcxx
  optional: false
  platform: osx-64
  url: https://repo.anaconda.com/pkgs/main/osx-64/libcxx-12.0.0-h2f01273_0.conda
  version: 12.0.0
- category: main
  dependencies: {}
  hash:
    md5: dba236b91a8c0ef6ddecc56e387e92d2
    sha256: 0e87134dc001d3c98f1f95137ac9ce4f19aecedea9ef870b05804bd9977ea8f2
  manager: conda
  name: ncurses
  optional: false
  platform: osx-64
  url: https://repo.anaconda.com/pkgs/main/osx-64/ncurses-6.3-hca72f7f_3.conda
  version: '6.3'
- category: main
  dependencies: {}
  hash:
    md5: bb093b4af8f53670468795e5f12676e5
    sha256: 2fa5301fa47838b1a3f88b02e88efbf523e9b5ddab4708b8d06ed793894de41a
  manager: conda
  name: xz
  optional: false
  platform: osx-64
  url: https://repo.anaconda.com/pkgs/main/osx-64/xz-5.2.5-hca72f7f_1.conda
  version: 5.2.5
- category: main
  dependencies: {}
  hash:
    md5: 73628ed86f99adf6a0cb81dd20e426cd
    sha256: 6bffb10328d883c274639032af4f9963bbfa48bb29adc86a30cf85da1efdb4ec
  manager: conda
  name: yaml
  optional: false
  platform: osx-64
  url: https://repo.anaconda.com/pkgs/main/osx-64/yaml-0.2.5-haf1e3a3_0.conda
  version: 0.2.5
- category: main
  dependencies: {}
  hash:
    md5: 4264c14bdd0bd302b0232cb65f3ee275
    sha256: 9d38a35aa37ef0b9f56fd74279d0a7201c62ec57de3fca17931bfffeb1c71e2e
  manager: conda
  name: zlib
  optional: false
  platform: osx-64
  url: https://repo.anaconda.com/pkgs/main/osx-64/zlib-1.2.12-h4dc903c_2.conda
  version: 1.2.12
- category: main
  dependencies:
    libcxx: '>=10.0.0'
  hash:
    md5: 0c959d444ac65555cb836cdbd3e9a2d9
    sha256: f88a2ff020e096f477f0e8297088c33479de2a3362a9aaf05aa910ac1d175175
  manager: conda
  name: libffi
  optional: false
  platform: osx-64
  url: https://repo.anaconda.com/pkgs/main/osx-64/libffi-3.3-hb1e8313_2.conda
  version: '3.3'
- category: main
  dependencies:
    ca-certificates: ''
  hash:
    md5: 7103facc03bce257ae92b9c0981906fd
    sha256: e0eedc4a6fd3bc3954f7f3a046e799dd78ec860f85dbda5efa93b885d67b2a51
  manager: conda
  name: openssl
  optional: false
  platform: osx-64
  url: https://repo.anaconda.com/pkgs/main/osx-64/openssl-1.1.1q-hca72f7f_0.conda
  version: 1.1.1q
- category: main
  dependencies:
    ncurses: '>=6.3,<7.0a0'
  hash:
    md5: c54a6153e7ef82f55e7a0ae2f6749592
    sha256: 4d28e2f21b68935185f98bb44935c02a6d6e137add54efb5d2781ecab5f550ff
  manager: conda
  name: readline
  optional: false
  platform: osx-64
  url: https://repo.anaconda.com/pkgs/main/osx-64/readline-8.1.2-hca72f7f_1.conda
  version: 8.1.2
- category: main
  dependencies:
    zlib: '>=1.2.12,<1.3.0a0'
  hash:
    md5: 047f0af5486d19163e37fd7f8ae3d29f
    sha256: 5f7ea3a924a2cd29daf4642ee9c922fa06f41543bd7f4a2efe6f2cf6dc2315f0
  manager: conda
  name: tk
  optional: false
  platform: osx-64
  url: https://repo.anaconda.com/pkgs/main/osx-64/tk-8.6.12-h5d9f67b_0.conda
  version: 8.6.12
- category: main
  dependencies:
    readline: '>=8.0,<9.0a0'
    zlib: '>=1.2.12,<1.3.0a0'
  hash:
    md5: f213889b2645c8146099bc1d8e859631
    sha256: 452378d1b024b634d2653d1753bac7e7a05be038018b459f736d07c818773e0d
  manager: conda
  name: sqlite
  optional: false
  platform: osx-64
  url: https://repo.anaconda.com/pkgs/main/osx-64/sqlite-3.39.2-h707629a_0.conda
  version: 3.39.2
- category: main
  dependencies:
    libcxx: '>=12.0.0'
    libffi: '>=3.3,<3.4.0a0'
    ncurses: '>=6.3,<7.0a0'
    openssl: '>=1.1.1n,<1.1.2a'
    readline: '>=8.0,<9.0a0'
    sqlite: '>=3.37.2,<4.0a0'
    tk: '>=8.6.11,<8.7.0a0'
    xz: '>=5.2.5,<6.0a0'
    zlib: '>=1.2.11,<1.3.0a0'
  hash:
    md5: f2f8398141b52f0b9ccc04b7a41c6ba0
    sha256: c4b59d115327a84a527ef661760e34dde5146b2debbf748933fee8e5d0b3fc4a
  manager: conda
  name: python
  optional: false
  platform: osx-64
  url: https://repo.anaconda.com/pkgs/main/osx-64/python-3.8.13-hdfd78df_0.conda
  version: 3.8.13
- category: main
  dependencies:
    python: '>=3.8,<3.9.0a0'
  hash:
    md5: 9e408468d1748afb690426b982e49098
    sha256: aca00110177ab2567d71da1464f5e602f04f22aa0e973d2d179209c9fddbe148
  manager: conda
  name: certifi
  optional: false
  platform: osx-64
  url: https://repo.anaconda.com/pkgs/main/osx-64/certifi-2022.6.15-py38hecd8cb5_0.conda
  version: 2022.6.15
- category: main
  dependencies:
    python: '>=3.5'
  hash:
    md5: e7a441d94234b2b5fafee06e25dbf076
    sha256: b39aea12bf02654cdd0094c79bfa6edbc8d054787f6e2d0b96d403cd4ba4cc0d
  manager: conda
  name: charset-normalizer
  optional: false
  platform: osx-64
  url: https://repo.anaconda.com/pkgs/main/noarch/charset-normalizer-2.0.4-pyhd3eb1b0_0.conda
  version: 2.0.4
- category: main
  dependencies:
    libcxx: '>=12.0.0'
    python: '>=3.8,<3.9.0a0'
  hash:
    md5: b5690989ddfd9fa3cb488fa7df40678b
    sha256: b46dba0d19dc1cb612a2f2181b2f3053effb6e681b26c4e0a1d35c5d7d52ba3d
  manager: conda
  name: cython
  optional: false
  platform: osx-64
  url: https://repo.anaconda.com/pkgs/main/osx-64/cython-0.29.30-py38he9d5cce_0.conda
  version: 0.29.30
- category: main
  dependencies:
    python: '>=3.5'
  hash:
    md5: 8f43a528cf83b43af38a4d142fa38b8a
    sha256: 2214ad8a3c5f0afc3c13ced28dd1961b98ff780b4e8562357a85c243e7fe678e
  manager: conda
  name: idna
  optional: false
  platform: osx-64
  url: https://repo.anaconda.com/pkgs/main/noarch/idna-3.3-pyhd3eb1b0_0.conda
  version: '3.3'
- category: main
  dependencies:
    python: '>=3.8,<3.9.0a0'
  hash:
    md5: 12f79b24d2e6c6bd985fa348d1141a13
    sha256: d9dc43df1fbfe5e2172aec26c2e4a7f624c4fd19abc069f9d26528a8191f618d
  manager: conda
  name: pycosat
  optional: false
  platform: osx-64
  url: https://repo.anaconda.com/pkgs/main/osx-64/pycosat-0.6.3-py38h1de35cc_1.conda
  version: 0.6.3
- category: main
  dependencies:
    python: '>=3.6'
  hash:
    md5: 135a72ff2a31150a3a3ff0b1edd41ca9
    sha256: 4405b5aeff26863972c82e8b54d09f88cd084f70e01e4343107b2676ffbeab57
  manager: conda
  name: pycparser
  optional: false
  platform: osx-64
  url: https://repo.anaconda.com/pkgs/main/noarch/pycparser-2.21-pyhd3eb1b0_0.conda
  version: '2.21'
- category: main
  dependencies:
    python: '>=3.8,<3.9.0a0'
  hash:
    md5: 54d4dfc99989f03cefe7d922a741f3cf
    sha256: a1e49c1397e7e65952bfc3182d1c6e82b04b6eaa8c41f66b61dc558c801e3396
  manager: conda
  name: pysocks
  optional: false
  platform: osx-64
  url: https://repo.anaconda.com/pkgs/main/osx-64/pysocks-1.7.1-py38_1.conda
  version: 1.7.1
- category: main
  dependencies:
    python: '>=3.8,<3.9.0a0'
    yaml: '>=0.2.5,<0.3.0a0'
  hash:
    md5: cb0a30ce07c70323f55cee4ce28f385d
    sha256: dc99eddead243d7ce3dfc12784f05bac3e0290ce0b8f08dcf58fad703e5c422d
  manager: conda
  name: ruamel_yaml
  optional: false
  platform: osx-64
  url: https://repo.anaconda.com/pkgs/main/osx-64/ruamel_yaml-0.15.100-py38h9ed2024_0.conda
  version: 0.15.100
- category: main
  dependencies:
    python: '>=3.5'
  hash:
    md5: 9fedc09c1ff4c9bc22695093c1ecd335
    sha256: 706678943282f24560c5aae936f78f061ffb289cec5cfcf545fcc64f0d7ee5b0
  manager: conda
  name: toolz
  optional: false
  platform: osx-64
  url: https://repo.anaconda.com/pkgs/main/noarch/toolz-0.11.2-pyhd3eb1b0_0.conda
  version: 0.11.2
- category: main
  dependencies:
    python: '>=3.8,<3.9.0a0'
  hash:
    md5: e2a86e2f8825c727fae1ea2495171a9c
    sha256: 20d43c263c2089fd03e9bdc349366e52cdcfbee1c35eb8bef20105fe5cfe97b6
  manager: conda
  name: tqdm
  optional: false
  platform: osx-64
  url: https://repo.anaconda.com/pkgs/main/osx-64/tqdm-4.64.0-py38hecd8cb5_0.conda
  version: 4.64.0
- category: main
  dependencies:
    libffi: '>=3.3'
    pycparser: ''
    python: '>=3.8,<3.9.0a0'
  hash:
    md5: 2d186b32652950bab21f7b4bb61b802d
    sha256: 3f3a2cc516f97cbb837d7c1c2879f23e910f4424d3ad40363729c433585b0fb3
  manager: conda
  name: cffi
  optional: false
  platform: osx-64
  url: https://repo.anaconda.com/pkgs/main/osx-64/cffi-1.15.1-py38hc55c11b_0.conda
  version: 1.15.1
- category: main
  dependencies:
    python: '>=3.8,<3.9.0a0'
    tqdm: ''
  hash:
    md5: ff3f270d31b8c40432ae7c63d1b73dc6
    sha256: 2945dc2cb279d43e7bd45fba3ae6761f59239b7d7ea2f6deec24f65db5d9cff0
  manager: conda
  name: conda-package-handling
  optional: false
  platform: osx-64
  url: https://repo.anaconda.com/pkgs/main/osx-64/conda-package-handling-1.8.1-py38hca72f7f_0.conda
  version: 1.8.1
- category: main
  dependencies:
    certifi: '>=2016.9.26'
    python: '>=3.8,<3.9.0a0'
  hash:
    md5: af4f3ecf7f24a82c46c6e6541c9050cb
    sha256: 65ed6b1b9dee0aab05b47b507d5828e9eba3406150511547f93d8428ac73a6e5
  manager: conda
  name: setuptools
  optional: false
  platform: osx-64
  url: https://repo.anaconda.com/pkgs/main/osx-64/setuptools-63.4.1-py38hecd8cb5_0.conda
  version: 63.4.1
- category: main
  dependencies:
    cffi: '>=1.0.0'
    python: '>=3.8,<3.9.0a0'
  hash:
    md5: 41b0bc0721aecf75336a098f4d5314b8
    sha256: 8cd905ec746456419b0ba8b58003e35860f4c1205fc2be810de06002ba257418
  manager: conda
  name: brotlipy
  optional: false
  platform: osx-64
  url: https://repo.anaconda.com/pkgs/main/osx-64/brotlipy-0.7.0-py38h9ed2024_1003.conda
  version: 0.7.0
- category: main
  dependencies:
    cffi: '>=1.12'
    openssl: ''
    python: '>=3.8,<3.9.0a0'
  hash:
    md5: 4d1cadeecc9246ce76605e9bf89fad9e
    sha256: 449db256b743151ab688aa4800de211a12724e92fc27831ee8ef0f483d9d1924
  manager: conda
  name: cryptography
  optional: false
  platform: osx-64
  url: https://repo.anaconda.com/pkgs/main/osx-64/cryptography-37.0.1-py38hf6deb26_0.conda
  version: 37.0.1
- category: main
  dependencies:
    cryptography: '>=35.0'
    python: '>=3.6'
  hash:
    md5: 1dbbf9422269cd62c7094960d9b43f36
    sha256: 0a0629a3816bd639f1b1a94dd2fd521ad407e55bfd6532154dce22cddb875783
  manager: conda
  name: pyopenssl
  optional: false
  platform: osx-64
  url: https://repo.anaconda.com/pkgs/main/noarch/pyopenssl-22.0.0-pyhd3eb1b0_0.conda
  version: 22.0.0
- category: main
  dependencies:
    brotlipy: '>=0.6.0'
    certifi: ''
    cryptography: '>=1.3.4'
    idna: '>=2.0.0'
    pyopenssl: '>=0.14'
    pysocks: '>=1.5.6,<2.0,!=1.5.7'
    python: '>=3.8,<3.9.0a0'
  hash:
    md5: 90b7f8ea6bb9c6af7753f3591aa60bae
    sha256: 371a63ec9ff872a8fe82b2e9c9f4e72e83901ab617e82ccca8bc5ec09d28b2ae
  manager: conda
  name: urllib3
  optional: false
  platform: osx-64
  url: https://repo.anaconda.com/pkgs/main/osx-64/urllib3-1.26.11-py38hecd8cb5_0.conda
  version: 1.26.11
- category: main
  dependencies:
    certifi: '>=2017.4.17'
    charset-normalizer: '>=2.0.0,<3'
    idna: '>=2.5,<4'
    python: '>=3.8,<3.9.0a0'
    urllib3: '>=1.21.1,<1.27'
  hash:
    md5: 9fc3210a1cfd0eb9d89fbe8894186809
    sha256: eb1742a61f8bc071e4c867e30e908ee0415cac5c51883dd7a70e973a8e7668e6
  manager: conda
  name: requests
  optional: false
  platform: osx-64
  url: https://repo.anaconda.com/pkgs/main/osx-64/requests-2.28.1-py38hecd8cb5_0.conda
  version: 2.28.1
version: 1
