# Generated by conda-lock.
# platform: osx-64
# input_hash: 54b5a8a2956791e356596e6cb6f90d424056edda424bae4a1e1c02ea84e1f4af
@EXPLICIT
https://repo.anaconda.com/pkgs/main/osx-64/ca-certificates-2022.07.19-hecd8cb5_0.conda#8b27c47bc20034bdb0cb7dff1e02dd98
https://repo.anaconda.com/pkgs/main/osx-64/libcxx-12.0.0-h2f01273_0.conda#fa697ecaca74bdf72bd0a10e42a2287a
https://repo.anaconda.com/pkgs/main/osx-64/ncurses-6.3-hca72f7f_3.conda#dba236b91a8c0ef6ddecc56e387e92d2
https://repo.anaconda.com/pkgs/main/osx-64/xz-5.2.5-hca72f7f_1.conda#bb093b4af8f53670468795e5f12676e5
https://repo.anaconda.com/pkgs/main/osx-64/yaml-0.2.5-haf1e3a3_0.conda#73628ed86f99adf6a0cb81dd20e426cd
https://repo.anaconda.com/pkgs/main/osx-64/zlib-1.2.12-h4dc903c_2.conda#4264c14bdd0bd302b0232cb65f3ee275
https://repo.anaconda.com/pkgs/main/osx-64/libffi-3.3-hb1e8313_2.conda#0c959d444ac65555cb836cdbd3e9a2d9
https://repo.anaconda.com/pkgs/main/osx-64/openssl-1.1.1q-hca72f7f_0.conda#7103facc03bce257ae92b9c0981906fd
https://repo.anaconda.com/pkgs/main/osx-64/readline-8.1.2-hca72f7f_1.conda#c54a6153e7ef82f55e7a0ae2f6749592
https://repo.anaconda.com/pkgs/main/osx-64/tk-8.6.12-h5d9f67b_0.conda#047f0af5486d19163e37fd7f8ae3d29f
https://repo.anaconda.com/pkgs/main/osx-64/sqlite-3.39.2-h707629a_0.conda#f213889b2645c8146099bc1d8e859631
https://repo.anaconda.com/pkgs/main/osx-64/python-3.8.13-hdfd78df_0.conda#f2f8398141b52f0b9ccc04b7a41c6ba0
https://repo.anaconda.com/pkgs/main/osx-64/certifi-2022.6.15-py38hecd8cb5_0.conda#9e408468d1748afb690426b982e49098
https://repo.anaconda.com/pkgs/main/noarch/charset-normalizer-2.0.4-pyhd3eb1b0_0.conda#e7a441d94234b2b5fafee06e25dbf076
https://repo.anaconda.com/pkgs/main/osx-64/cython-0.29.30-py38he9d5cce_0.conda#b5690989ddfd9fa3cb488fa7df40678b
https://repo.anaconda.com/pkgs/main/noarch/idna-3.3-pyhd3eb1b0_0.conda#8f43a528cf83b43af38a4d142fa38b8a
https://repo.anaconda.com/pkgs/main/osx-64/pycosat-0.6.3-py38h1de35cc_1.conda#12f79b24d2e6c6bd985fa348d1141a13
https://repo.anaconda.com/pkgs/main/noarch/pycparser-2.21-pyhd3eb1b0_0.conda#135a72ff2a31150a3a3ff0b1edd41ca9
https://repo.anaconda.com/pkgs/main/osx-64/pysocks-1.7.1-py38_1.conda#54d4dfc99989f03cefe7d922a741f3cf
https://repo.anaconda.com/pkgs/main/osx-64/ruamel_yaml-0.15.100-py38h9ed2024_0.conda#cb0a30ce07c70323f55cee4ce28f385d
https://repo.anaconda.com/pkgs/main/noarch/toolz-0.11.2-pyhd3eb1b0_0.conda#9fedc09c1ff4c9bc22695093c1ecd335
https://repo.anaconda.com/pkgs/main/osx-64/tqdm-4.64.0-py38hecd8cb5_0.conda#e2a86e2f8825c727fae1ea2495171a9c
https://repo.anaconda.com/pkgs/main/osx-64/cffi-1.15.1-py38hc55c11b_0.conda#2d186b32652950bab21f7b4bb61b802d
https://repo.anaconda.com/pkgs/main/osx-64/conda-package-handling-1.8.1-py38hca72f7f_0.conda#ff3f270d31b8c40432ae7c63d1b73dc6
https://repo.anaconda.com/pkgs/main/osx-64/setuptools-63.4.1-py38hecd8cb5_0.conda#af4f3ecf7f24a82c46c6e6541c9050cb
https://repo.anaconda.com/pkgs/main/osx-64/brotlipy-0.7.0-py38h9ed2024_1003.conda#41b0bc0721aecf75336a098f4d5314b8
https://repo.anaconda.com/pkgs/main/osx-64/cryptography-37.0.1-py38hf6deb26_0.conda#4d1cadeecc9246ce76605e9bf89fad9e
https://repo.anaconda.com/pkgs/main/noarch/pyopenssl-22.0.0-pyhd3eb1b0_0.conda#1dbbf9422269cd62c7094960d9b43f36
https://repo.anaconda.com/pkgs/main/osx-64/urllib3-1.26.11-py38hecd8cb5_0.conda#90b7f8ea6bb9c6af7753f3591aa60bae
https://repo.anaconda.com/pkgs/main/osx-64/requests-2.28.1-py38hecd8cb5_0.conda#9fc3210a1cfd0eb9d89fbe8894186809
